{
  "name": "wasm-assemblyscript",
  "version": "1.0.0",
  "lockfileVersion": 3,
  "requires": true,
  "packages": {
    "": {
      "name": "wasm-assemblyscript",
      "version": "1.0.0",
      "license": "ISC",
      "dependencies": {
        "@assemblyscript/loader": "^0.27.33"
      },
      "devDependencies": {
        "assemblyscript": "^0.27.33"
      }
    },
    "node_modules/@assemblyscript/loader": {
      "version": "0.27.33",
      "resolved": "https://registry.npmjs.org/@assemblyscript/loader/-/loader-0.27.33.tgz",
      "integrity": "sha512-bpH4q4DkLmzdxd04MAGkEtPcqGy4vNqGVOnTstKiatyb9KdLFGOf89CwOY4WopkOvdVwy2kiWvrOXWT6oTsZog==",
      "license": "Apache-2.0"
    },
    "node_modules/assemblyscript": {
      "version": "0.27.33",
      "resolved": "https://registry.npmjs.org/assemblyscript/-/assemblyscript-0.27.33.tgz",
      "integrity": "sha512-IyyZ6NpaUX5vtn+D5c7uq913lBvDIMo/PHrWIk7PgtpQl7m0Pa4cUCeaTZhUXNLlxN0u4Gni0oRWs9YlsIyuWQ==",
      "dev": true,
      "license": "Apache-2.0",
      "dependencies": {
        "binaryen": "116.0.0-nightly.20240114",
        "long": "^5.2.4"
      },
      "bin": {
        "asc": "bin/asc.js",
        "asinit": "bin/asinit.js"
      },
      "engines": {
        "node": ">=18",
        "npm": ">=10"
      },
      "funding": {
        "type": "opencollective",
        "url": "https://opencollective.com/assemblyscript"
      }
    },
    "node_modules/binaryen": {
      "version": "116.0.0-nightly.20240114",
      "resolved": "https://registry.npmjs.org/binaryen/-/binaryen-116.0.0-nightly.20240114.tgz",
      "integrity": "sha512-0GZrojJnuhoe+hiwji7QFaL3tBlJoA+KFUN7ouYSDGZLSo9CKM8swQX8n/UcbR0d1VuZKU+nhogNzv423JEu5A==",
      "dev": true,
      "license": "Apache-2.0",
      "bin": {
        "wasm-opt": "bin/wasm-opt",
        "wasm2js": "bin/wasm2js"
      }
    },
    "node_modules/long": {
      "version": "5.2.4",
      "resolved": "https://registry.npmjs.org/long/-/long-5.2.4.tgz",
      "integrity": "sha512-qtzLbJE8hq7VabR3mISmVGtoXP8KGc2Z/AT8OuqlYD7JTR3oqrgwdjnk07wpj1twXxYmgDXgoKVWUG/fReSzHg==",
      "dev": true,
      "license": "Apache-2.0"
    }
  }
}
